
Microsoft Visual Studio Solution File, Format Version 12.00
# Visual Studio Version 16
VisualStudioVersion = 16.0.29911.98
MinimumVisualStudioVersion = 10.0.40219.1
Project("{9A19103F-16F7-4668-BE54-9A1E7A4F7556}") = "JICtravel.Common", "JICtravel.Common\JICtravel.Common.csproj", "{2FA498AF-C9BF-4F46-8B60-FC85C9F35E2C}"
EndProject
Project("{9A19103F-16F7-4668-BE54-9A1E7A4F7556}") = "JICtravel.Web", "JICtravel.Web\JICtravel.Web.csproj", "{FC4AC14B-712C-4796-BB27-0368C024E888}"
EndProject
Project("{FAE04EC0-301F-11D3-BF4B-00C04F79EFBC}") = "JICtravel.Prism", "JICtravel.Prism\JICtravel.Prism\JICtravel.Prism.csproj", "{2499399F-3D19-400C-8C9E-4BC7B5F06506}"
EndProject
Project("{FAE04EC0-301F-11D3-BF4B-00C04F79EFBC}") = "JICtravel.Prism.Android", "JICtravel.Prism\JICtravel.Prism.Android\JICtravel.Prism.Android.csproj", "{38DDD5F1-AACE-4872-8CAC-16A29BE5FAAF}"
EndProject
Global
	GlobalSection(SolutionConfigurationPlatforms) = preSolution
		Ad-Hoc|Any CPU = Ad-Hoc|Any CPU
		Ad-Hoc|iPhone = Ad-Hoc|iPhone
		Ad-Hoc|iPhoneSimulator = Ad-Hoc|iPhoneSimulator
		AppStore|Any CPU = AppStore|Any CPU
		AppStore|iPhone = AppStore|iPhone
		AppStore|iPhoneSimulator = AppStore|iPhoneSimulator
		Debug|Any CPU = Debug|Any CPU
		Debug|iPhone = Debug|iPhone
		Debug|iPhoneSimulator = Debug|iPhoneSimulator
		Release|Any CPU = Release|Any CPU
		Release|iPhone = Release|iPhone
		Release|iPhoneSimulator = Release|iPhoneSimulator
	EndGlobalSection
	GlobalSection(ProjectConfigurationPlatforms) = postSolution
		{2FA498AF-C9BF-4F46-8B60-FC85C9F35E2C}.Ad-Hoc|Any CPU.ActiveCfg = Debug|Any CPU
		{2FA498AF-C9BF-4F46-8B60-FC85C9F35E2C}.Ad-Hoc|Any CPU.Build.0 = Debug|Any CPU
		{2FA498AF-C9BF-4F46-8B60-FC85C9F35E2C}.Ad-Hoc|iPhone.ActiveCfg = Debug|Any CPU
		{2FA498AF-C9BF-4F46-8B60-FC85C9F35E2C}.Ad-Hoc|iPhone.Build.0 = Debug|Any CPU
		{2FA498AF-C9BF-4F46-8B60-FC85C9F35E2C}.Ad-Hoc|iPhoneSimulator.ActiveCfg = Debug|Any CPU
		{2FA498AF-C9BF-4F46-8B60-FC85C9F35E2C}.Ad-Hoc|iPhoneSimulator.Build.0 = Debug|Any CPU
		{2FA498AF-C9BF-4F46-8B60-FC85C9F35E2C}.AppStore|Any CPU.ActiveCfg = Debug|Any CPU
		{2FA498AF-C9BF-4F46-8B60-FC85C9F35E2C}.AppStore|Any CPU.Build.0 = Debug|Any CPU
		{2FA498AF-C9BF-4F46-8B60-FC85C9F35E2C}.AppStore|iPhone.ActiveCfg = Debug|Any CPU
		{2FA498AF-C9BF-4F46-8B60-FC85C9F35E2C}.AppStore|iPhone.Build.0 = Debug|Any CPU
		{2FA498AF-C9BF-4F46-8B60-FC85C9F35E2C}.AppStore|iPhoneSimulator.ActiveCfg = Debug|Any CPU
		{2FA498AF-C9BF-4F46-8B60-FC85C9F35E2C}.AppStore|iPhoneSimulator.Build.0 = Debug|Any CPU
		{2FA498AF-C9BF-4F46-8B60-FC85C9F35E2C}.Debug|Any CPU.ActiveCfg = Debug|Any CPU
		{2FA498AF-C9BF-4F46-8B60-FC85C9F35E2C}.Debug|Any CPU.Build.0 = Debug|Any CPU
		{2FA498AF-C9BF-4F46-8B60-FC85C9F35E2C}.Debug|iPhone.ActiveCfg = Debug|Any CPU
		{2FA498AF-C9BF-4F46-8B60-FC85C9F35E2C}.Debug|iPhone.Build.0 = Debug|Any CPU
		{2FA498AF-C9BF-4F46-8B60-FC85C9F35E2C}.Debug|iPhoneSimulator.ActiveCfg = Debug|Any CPU
		{2FA498AF-C9BF-4F46-8B60-FC85C9F35E2C}.Debug|iPhoneSimulator.Build.0 = Debug|Any CPU
		{2FA498AF-C9BF-4F46-8B60-FC85C9F35E2C}.Release|Any CPU.ActiveCfg = Release|Any CPU
		{2FA498AF-C9BF-4F46-8B60-FC85C9F35E2C}.Release|Any CPU.Build.0 = Release|Any CPU
		{2FA498AF-C9BF-4F46-8B60-FC85C9F35E2C}.Release|iPhone.ActiveCfg = Release|Any CPU
		{2FA498AF-C9BF-4F46-8B60-FC85C9F35E2C}.Release|iPhone.Build.0 = Release|Any CPU
		{2FA498AF-C9BF-4F46-8B60-FC85C9F35E2C}.Release|iPhoneSimulator.ActiveCfg = Release|Any CPU
		{2FA498AF-C9BF-4F46-8B60-FC85C9F35E2C}.Release|iPhoneSimulator.Build.0 = Release|Any CPU
		{FC4AC14B-712C-4796-BB27-0368C024E888}.Ad-Hoc|Any CPU.ActiveCfg = Debug|Any CPU
		{FC4AC14B-712C-4796-BB27-0368C024E888}.Ad-Hoc|Any CPU.Build.0 = Debug|Any CPU
		{FC4AC14B-712C-4796-BB27-0368C024E888}.Ad-Hoc|iPhone.ActiveCfg = Debug|Any CPU
		{FC4AC14B-712C-4796-BB27-0368C024E888}.Ad-Hoc|iPhone.Build.0 = Debug|Any CPU
		{FC4AC14B-712C-4796-BB27-0368C024E888}.Ad-Hoc|iPhoneSimulator.ActiveCfg = Debug|Any CPU
		{FC4AC14B-712C-4796-BB27-0368C024E888}.Ad-Hoc|iPhoneSimulator.Build.0 = Debug|Any CPU
		{FC4AC14B-712C-4796-BB27-0368C024E888}.AppStore|Any CPU.ActiveCfg = Debug|Any CPU
		{FC4AC14B-712C-4796-BB27-0368C024E888}.AppStore|Any CPU.Build.0 = Debug|Any CPU
		{FC4AC14B-712C-4796-BB27-0368C024E888}.AppStore|iPhone.ActiveCfg = Debug|Any CPU
		{FC4AC14B-712C-4796-BB27-0368C024E888}.AppStore|iPhone.Build.0 = Debug|Any CPU
		{FC4AC14B-712C-4796-BB27-0368C024E888}.AppStore|iPhoneSimulator.ActiveCfg = Debug|Any CPU
		{FC4AC14B-712C-4796-BB27-0368C024E888}.AppStore|iPhoneSimulator.Build.0 = Debug|Any CPU
		{FC4AC14B-712C-4796-BB27-0368C024E888}.Debug|Any CPU.ActiveCfg = Debug|Any CPU
		{FC4AC14B-712C-4796-BB27-0368C024E888}.Debug|Any CPU.Build.0 = Debug|Any CPU
		{FC4AC14B-712C-4796-BB27-0368C024E888}.Debug|iPhone.ActiveCfg = Debug|Any CPU
		{FC4AC14B-712C-4796-BB27-0368C024E888}.Debug|iPhone.Build.0 = Debug|Any CPU
		{FC4AC14B-712C-4796-BB27-0368C024E888}.Debug|iPhoneSimulator.ActiveCfg = Debug|Any CPU
		{FC4AC14B-712C-4796-BB27-0368C024E888}.Debug|iPhoneSimulator.Build.0 = Debug|Any CPU
		{FC4AC14B-712C-4796-BB27-0368C024E888}.Release|Any CPU.ActiveCfg = Release|Any CPU
		{FC4AC14B-712C-4796-BB27-0368C024E888}.Release|Any CPU.Build.0 = Release|Any CPU
		{FC4AC14B-712C-4796-BB27-0368C024E888}.Release|iPhone.ActiveCfg = Release|Any CPU
		{FC4AC14B-712C-4796-BB27-0368C024E888}.Release|iPhone.Build.0 = Release|Any CPU
		{FC4AC14B-712C-4796-BB27-0368C024E888}.Release|iPhoneSimulator.ActiveCfg = Release|Any CPU
		{FC4AC14B-712C-4796-BB27-0368C024E888}.Release|iPhoneSimulator.Build.0 = Release|Any CPU
		{2499399F-3D19-400C-8C9E-4BC7B5F06506}.Ad-Hoc|Any CPU.ActiveCfg = Debug|Any CPU
		{2499399F-3D19-400C-8C9E-4BC7B5F06506}.Ad-Hoc|Any CPU.Build.0 = Debug|Any CPU
		{2499399F-3D19-400C-8C9E-4BC7B5F06506}.Ad-Hoc|iPhone.ActiveCfg = Debug|Any CPU
		{2499399F-3D19-400C-8C9E-4BC7B5F06506}.Ad-Hoc|iPhone.Build.0 = Debug|Any CPU
		{2499399F-3D19-400C-8C9E-4BC7B5F06506}.Ad-Hoc|iPhoneSimulator.ActiveCfg = Debug|Any CPU
		{2499399F-3D19-400C-8C9E-4BC7B5F06506}.Ad-Hoc|iPhoneSimulator.Build.0 = Debug|Any CPU
		{2499399F-3D19-400C-8C9E-4BC7B5F06506}.AppStore|Any CPU.ActiveCfg = Debug|Any CPU
		{2499399F-3D19-400C-8C9E-4BC7B5F06506}.AppStore|Any CPU.Build.0 = Debug|Any CPU
		{2499399F-3D19-400C-8C9E-4BC7B5F06506}.AppStore|iPhone.ActiveCfg = Debug|Any CPU
		{2499399F-3D19-400C-8C9E-4BC7B5F06506}.AppStore|iPhone.Build.0 = Debug|Any CPU
		{2499399F-3D19-400C-8C9E-4BC7B5F06506}.AppStore|iPhoneSimulator.ActiveCfg = Debug|Any CPU
		{2499399F-3D19-400C-8C9E-4BC7B5F06506}.AppStore|iPhoneSimulator.Build.0 = Debug|Any CPU
		{2499399F-3D19-400C-8C9E-4BC7B5F06506}.Debug|Any CPU.ActiveCfg = Debug|Any CPU
		{2499399F-3D19-400C-8C9E-4BC7B5F06506}.Debug|Any CPU.Build.0 = Debug|Any CPU
		{2499399F-3D19-400C-8C9E-4BC7B5F06506}.Debug|iPhone.ActiveCfg = Debug|Any CPU
		{2499399F-3D19-400C-8C9E-4BC7B5F06506}.Debug|iPhone.Build.0 = Debug|Any CPU
		{2499399F-3D19-400C-8C9E-4BC7B5F06506}.Debug|iPhoneSimulator.ActiveCfg = Debug|Any CPU
		{2499399F-3D19-400C-8C9E-4BC7B5F06506}.Debug|iPhoneSimulator.Build.0 = Debug|Any CPU
		{2499399F-3D19-400C-8C9E-4BC7B5F06506}.Release|Any CPU.ActiveCfg = Release|Any CPU
		{2499399F-3D19-400C-8C9E-4BC7B5F06506}.Release|Any CPU.Build.0 = Release|Any CPU
		{2499399F-3D19-400C-8C9E-4BC7B5F06506}.Release|iPhone.ActiveCfg = Release|Any CPU
		{2499399F-3D19-400C-8C9E-4BC7B5F06506}.Release|iPhone.Build.0 = Release|Any CPU
		{2499399F-3D19-400C-8C9E-4BC7B5F06506}.Release|iPhoneSimulator.ActiveCfg = Release|Any CPU
		{2499399F-3D19-400C-8C9E-4BC7B5F06506}.Release|iPhoneSimulator.Build.0 = Release|Any CPU
		{38DDD5F1-AACE-4872-8CAC-16A29BE5FAAF}.Ad-Hoc|Any CPU.ActiveCfg = Release|Any CPU
		{38DDD5F1-AACE-4872-8CAC-16A29BE5FAAF}.Ad-Hoc|Any CPU.Build.0 = Release|Any CPU
		{38DDD5F1-AACE-4872-8CAC-16A29BE5FAAF}.Ad-Hoc|Any CPU.Deploy.0 = Release|Any CPU
		{38DDD5F1-AACE-4872-8CAC-16A29BE5FAAF}.Ad-Hoc|iPhone.ActiveCfg = Release|Any CPU
		{38DDD5F1-AACE-4872-8CAC-16A29BE5FAAF}.Ad-Hoc|iPhone.Build.0 = Release|Any CPU
		{38DDD5F1-AACE-4872-8CAC-16A29BE5FAAF}.Ad-Hoc|iPhone.Deploy.0 = Release|Any CPU
		{38DDD5F1-AACE-4872-8CAC-16A29BE5FAAF}.Ad-Hoc|iPhoneSimulator.ActiveCfg = Release|Any CPU
		{38DDD5F1-AACE-4872-8CAC-16A29BE5FAAF}.Ad-Hoc|iPhoneSimulator.Build.0 = Release|Any CPU
		{38DDD5F1-AACE-4872-8CAC-16A29BE5FAAF}.Ad-Hoc|iPhoneSimulator.Deploy.0 = Release|Any CPU
		{38DDD5F1-AACE-4872-8CAC-16A29BE5FAAF}.AppStore|Any CPU.ActiveCfg = Release|Any CPU
		{38DDD5F1-AACE-4872-8CAC-16A29BE5FAAF}.AppStore|Any CPU.Build.0 = Release|Any CPU
		{38DDD5F1-AACE-4872-8CAC-16A29BE5FAAF}.AppStore|Any CPU.Deploy.0 = Release|Any CPU
		{38DDD5F1-AACE-4872-8CAC-16A29BE5FAAF}.AppStore|iPhone.ActiveCfg = Release|Any CPU
		{38DDD5F1-AACE-4872-8CAC-16A29BE5FAAF}.AppStore|iPhone.Build.0 = Release|Any CPU
		{38DDD5F1-AACE-4872-8CAC-16A29BE5FAAF}.AppStore|iPhone.Deploy.0 = Release|Any CPU
		{38DDD5F1-AACE-4872-8CAC-16A29BE5FAAF}.AppStore|iPhoneSimulator.ActiveCfg = Release|Any CPU
		{38DDD5F1-AACE-4872-8CAC-16A29BE5FAAF}.AppStore|iPhoneSimulator.Build.0 = Release|Any CPU
		{38DDD5F1-AACE-4872-8CAC-16A29BE5FAAF}.AppStore|iPhoneSimulator.Deploy.0 = Release|Any CPU
		{38DDD5F1-AACE-4872-8CAC-16A29BE5FAAF}.Debug|Any CPU.ActiveCfg = Debug|Any CPU
		{38DDD5F1-AACE-4872-8CAC-16A29BE5FAAF}.Debug|Any CPU.Build.0 = Debug|Any CPU
		{38DDD5F1-AACE-4872-8CAC-16A29BE5FAAF}.Debug|Any CPU.Deploy.0 = Debug|Any CPU
		{38DDD5F1-AACE-4872-8CAC-16A29BE5FAAF}.Debug|iPhone.ActiveCfg = Debug|Any CPU
		{38DDD5F1-AACE-4872-8CAC-16A29BE5FAAF}.Debug|iPhone.Build.0 = Debug|Any CPU
		{38DDD5F1-AACE-4872-8CAC-16A29BE5FAAF}.Debug|iPhone.Deploy.0 = Debug|Any CPU
		{38DDD5F1-AACE-4872-8CAC-16A29BE5FAAF}.Debug|iPhoneSimulator.ActiveCfg = Debug|Any CPU
		{38DDD5F1-AACE-4872-8CAC-16A29BE5FAAF}.Debug|iPhoneSimulator.Build.0 = Debug|Any CPU
		{38DDD5F1-AACE-4872-8CAC-16A29BE5FAAF}.Debug|iPhoneSimulator.Deploy.0 = Debug|Any CPU
		{38DDD5F1-AACE-4872-8CAC-16A29BE5FAAF}.Release|Any CPU.ActiveCfg = Release|Any CPU
		{38DDD5F1-AACE-4872-8CAC-16A29BE5FAAF}.Release|Any CPU.Build.0 = Release|Any CPU
		{38DDD5F1-AACE-4872-8CAC-16A29BE5FAAF}.Release|Any CPU.Deploy.0 = Release|Any CPU
		{38DDD5F1-AACE-4872-8CAC-16A29BE5FAAF}.Release|iPhone.ActiveCfg = Release|Any CPU
		{38DDD5F1-AACE-4872-8CAC-16A29BE5FAAF}.Release|iPhone.Build.0 = Release|Any CPU
		{38DDD5F1-AACE-4872-8CAC-16A29BE5FAAF}.Release|iPhone.Deploy.0 = Release|Any CPU
		{38DDD5F1-AACE-4872-8CAC-16A29BE5FAAF}.Release|iPhoneSimulator.ActiveCfg = Release|Any CPU
		{38DDD5F1-AACE-4872-8CAC-16A29BE5FAAF}.Release|iPhoneSimulator.Build.0 = Release|Any CPU
		{38DDD5F1-AACE-4872-8CAC-16A29BE5FAAF}.Release|iPhoneSimulator.Deploy.0 = Release|Any CPU
	EndGlobalSection
	GlobalSection(SolutionProperties) = preSolution
		HideSolutionNode = FALSE
	EndGlobalSection
	GlobalSection(ExtensibilityGlobals) = postSolution
		SolutionGuid = {98A333B6-495D-4D61-AB18-C303E047B491}
	EndGlobalSection
EndGlobal
